// !$*UTF8*$!
{
	archiveVersion = 1;
	classes = {
	};
	objectVersion = 55;
	objects = {

/* Begin PBXBuildFile section */
		2069820028C22A0100C26BE7 /* PilllApp.swift in Sources */ = {isa = PBXBuildFile; fileRef = 206981FF28C22A0100C26BE7 /* PilllApp.swift */; };
		2069820228C22A0100C26BE7 /* ContentView.swift in Sources */ = {isa = PBXBuildFile; fileRef = 2069820128C22A0100C26BE7 /* ContentView.swift */; };
		2069820428C22A0100C26BE7 /* Assets.xcassets in Resources */ = {isa = PBXBuildFile; fileRef = 2069820328C22A0100C26BE7 /* Assets.xcassets */; };
		2069820728C22A0100C26BE7 /* Preview Assets.xcassets in Resources */ = {isa = PBXBuildFile; fileRef = 2069820628C22A0100C26BE7 /* Preview Assets.xcassets */; };
		2069821428C22A0F00C26BE7 /* WidgetKit.framework in Frameworks */ = {isa = PBXBuildFile; fileRef = 2069821328C22A0F00C26BE7 /* WidgetKit.framework */; };
		2069821628C22A0F00C26BE7 /* SwiftUI.framework in Frameworks */ = {isa = PBXBuildFile; fileRef = 2069821528C22A0F00C26BE7 /* SwiftUI.framework */; };
		2069821928C22A0F00C26BE7 /* PilllWidget.swift in Sources */ = {isa = PBXBuildFile; fileRef = 2069821828C22A0F00C26BE7 /* PilllWidget.swift */; };
		2069821B28C22A1000C26BE7 /* Assets.xcassets in Resources */ = {isa = PBXBuildFile; fileRef = 2069821A28C22A1000C26BE7 /* Assets.xcassets */; };
		2069821F28C22A1000C26BE7 /* PilllWidgetExtension.appex in Embed App Extensions */ = {isa = PBXBuildFile; fileRef = 2069821128C22A0F00C26BE7 /* PilllWidgetExtension.appex */; settings = {ATTRIBUTES = (RemoveHeadersOnCopy, ); }; };
/* End PBXBuildFile section */

/* Begin PBXContainerItemProxy section */
		2069821D28C22A1000C26BE7 /* PBXContainerItemProxy */ = {
			isa = PBXContainerItemProxy;
			containerPortal = 206981F428C22A0100C26BE7 /* Project object */;
			proxyType = 1;
			remoteGlobalIDString = 2069821028C22A0F00C26BE7;
			remoteInfo = PilllWidgetExtension;
		};
/* End PBXContainerItemProxy section */

/* Begin PBXCopyFilesBuildPhase section */
		2069822328C22A1000C26BE7 /* Embed App Extensions */ = {
			isa = PBXCopyFilesBuildPhase;
			buildActionMask = 2147483647;
			dstPath = "";
			dstSubfolderSpec = 13;
			files = (
				2069821F28C22A1000C26BE7 /* PilllWidgetExtension.appex in Embed App Extensions */,
			);
			name = "Embed App Extensions";
			runOnlyForDeploymentPostprocessing = 0;
		};
/* End PBXCopyFilesBuildPhase section */

/* Begin PBXFileReference section */
		206981FC28C22A0100C26BE7 /* Pilll.app */ = {isa = PBXFileReference; explicitFileType = wrapper.application; includeInIndex = 0; path = Pilll.app; sourceTree = BUILT_PRODUCTS_DIR; };
		206981FF28C22A0100C26BE7 /* PilllApp.swift */ = {isa = PBXFileReference; lastKnownFileType = sourcecode.swift; path = PilllApp.swift; sourceTree = "<group>"; };
		2069820128C22A0100C26BE7 /* ContentView.swift */ = {isa = PBXFileReference; lastKnownFileType = sourcecode.swift; path = ContentView.swift; sourceTree = "<group>"; };
		2069820328C22A0100C26BE7 /* Assets.xcassets */ = {isa = PBXFileReference; lastKnownFileType = folder.assetcatalog; path = Assets.xcassets; sourceTree = "<group>"; };
		2069820628C22A0100C26BE7 /* Preview Assets.xcassets */ = {isa = PBXFileReference; lastKnownFileType = folder.assetcatalog; path = "Preview Assets.xcassets"; sourceTree = "<group>"; };
		2069821128C22A0F00C26BE7 /* PilllWidgetExtension.appex */ = {isa = PBXFileReference; explicitFileType = "wrapper.app-extension"; includeInIndex = 0; path = PilllWidgetExtension.appex; sourceTree = BUILT_PRODUCTS_DIR; };
		2069821328C22A0F00C26BE7 /* WidgetKit.framework */ = {isa = PBXFileReference; lastKnownFileType = wrapper.framework; name = WidgetKit.framework; path = System/Library/Frameworks/WidgetKit.framework; sourceTree = SDKROOT; };
		2069821528C22A0F00C26BE7 /* SwiftUI.framework */ = {isa = PBXFileReference; lastKnownFileType = wrapper.framework; name = SwiftUI.framework; path = System/Library/Frameworks/SwiftUI.framework; sourceTree = SDKROOT; };
		2069821828C22A0F00C26BE7 /* PilllWidget.swift */ = {isa = PBXFileReference; lastKnownFileType = sourcecode.swift; path = PilllWidget.swift; sourceTree = "<group>"; };
		2069821A28C22A1000C26BE7 /* Assets.xcassets */ = {isa = PBXFileReference; lastKnownFileType = folder.assetcatalog; path = Assets.xcassets; sourceTree = "<group>"; };
		2069821C28C22A1000C26BE7 /* Info.plist */ = {isa = PBXFileReference; lastKnownFileType = text.plist.xml; path = Info.plist; sourceTree = "<group>"; };
/* End PBXFileReference section */

/* Begin PBXFrameworksBuildPhase section */
		206981F928C22A0100C26BE7 /* Frameworks */ = {
			isa = PBXFrameworksBuildPhase;
			buildActionMask = 2147483647;
			files = (
			);
			runOnlyForDeploymentPostprocessing = 0;
		};
		2069820E28C22A0F00C26BE7 /* Frameworks */ = {
			isa = PBXFrameworksBuildPhase;
			buildActionMask = 2147483647;
			files = (
				2069821628C22A0F00C26BE7 /* SwiftUI.framework in Frameworks */,
				2069821428C22A0F00C26BE7 /* WidgetKit.framework in Frameworks */,
			);
			runOnlyForDeploymentPostprocessing = 0;
		};
/* End PBXFrameworksBuildPhase section */

/* Begin PBXGroup section */
		206981F328C22A0100C26BE7 = {
			isa = PBXGroup;
			children = (
				206981FE28C22A0100C26BE7 /* Pilll */,
				2069821728C22A0F00C26BE7 /* PilllWidget */,
				2069821228C22A0F00C26BE7 /* Frameworks */,
				206981FD28C22A0100C26BE7 /* Products */,
			);
			sourceTree = "<group>";
		};
		206981FD28C22A0100C26BE7 /* Products */ = {
			isa = PBXGroup;
			children = (
				206981FC28C22A0100C26BE7 /* Pilll.app */,
				2069821128C22A0F00C26BE7 /* PilllWidgetExtension.appex */,
			);
			name = Products;
			sourceTree = "<group>";
		};
		206981FE28C22A0100C26BE7 /* Pilll */ = {
			isa = PBXGroup;
			children = (
				206981FF28C22A0100C26BE7 /* PilllApp.swift */,
				2069820128C22A0100C26BE7 /* ContentView.swift */,
				2069820328C22A0100C26BE7 /* Assets.xcassets */,
				2069820528C22A0100C26BE7 /* Preview Content */,
			);
			path = Pilll;
			sourceTree = "<group>";
		};
		2069820528C22A0100C26BE7 /* Preview Content */ = {
			isa = PBXGroup;
			children = (
				2069820628C22A0100C26BE7 /* Preview Assets.xcassets */,
			);
			path = "Preview Content";
			sourceTree = "<group>";
		};
		2069821228C22A0F00C26BE7 /* Frameworks */ = {
			isa = PBXGroup;
			children = (
				2069821328C22A0F00C26BE7 /* WidgetKit.framework */,
				2069821528C22A0F00C26BE7 /* SwiftUI.framework */,
			);
			name = Frameworks;
			sourceTree = "<group>";
		};
		2069821728C22A0F00C26BE7 /* PilllWidget */ = {
			isa = PBXGroup;
			children = (
				2069821828C22A0F00C26BE7 /* PilllWidget.swift */,
				2069821A28C22A1000C26BE7 /* Assets.xcassets */,
				2069821C28C22A1000C26BE7 /* Info.plist */,
			);
			path = PilllWidget;
			sourceTree = "<group>";
		};
/* End PBXGroup section */

/* Begin PBXNativeTarget section */
		206981FB28C22A0100C26BE7 /* Pilll */ = {
			isa = PBXNativeTarget;
			buildConfigurationList = 2069820A28C22A0100C26BE7 /* Build configuration list for PBXNativeTarget "Pilll" */;
			buildPhases = (
				206981F828C22A0100C26BE7 /* Sources */,
				206981F928C22A0100C26BE7 /* Frameworks */,
				206981FA28C22A0100C26BE7 /* Resources */,
				2069822328C22A1000C26BE7 /* Embed App Extensions */,
			);
			buildRules = (
			);
			dependencies = (
				2069821E28C22A1000C26BE7 /* PBXTargetDependency */,
			);
			name = Pilll;
			productName = Pilll;
			productReference = 206981FC28C22A0100C26BE7 /* Pilll.app */;
			productType = "com.apple.product-type.application";
		};
		2069821028C22A0F00C26BE7 /* PilllWidgetExtension */ = {
			isa = PBXNativeTarget;
			buildConfigurationList = 2069822028C22A1000C26BE7 /* Build configuration list for PBXNativeTarget "PilllWidgetExtension" */;
			buildPhases = (
				2069820D28C22A0F00C26BE7 /* Sources */,
				2069820E28C22A0F00C26BE7 /* Frameworks */,
				2069820F28C22A0F00C26BE7 /* Resources */,
			);
			buildRules = (
			);
			dependencies = (
			);
			name = PilllWidgetExtension;
			productName = PilllWidgetExtension;
			productReference = 2069821128C22A0F00C26BE7 /* PilllWidgetExtension.appex */;
			productType = "com.apple.product-type.app-extension";
		};
/* End PBXNativeTarget section */

/* Begin PBXProject section */
		206981F428C22A0100C26BE7 /* Project object */ = {
			isa = PBXProject;
			attributes = {
				BuildIndependentTargetsInParallel = 1;
				LastSwiftUpdateCheck = 1340;
				LastUpgradeCheck = 1340;
				TargetAttributes = {
					206981FB28C22A0100C26BE7 = {
						CreatedOnToolsVersion = 13.4.1;
					};
					2069821028C22A0F00C26BE7 = {
						CreatedOnToolsVersion = 13.4.1;
					};
				};
			};
			buildConfigurationList = 206981F728C22A0100C26BE7 /* Build configuration list for PBXProject "Pilll" */;
			compatibilityVersion = "Xcode 13.0";
			developmentRegion = en;
			hasScannedForEncodings = 0;
			knownRegions = (
				en,
				Base,
			);
			mainGroup = 206981F328C22A0100C26BE7;
			productRefGroup = 206981FD28C22A0100C26BE7 /* Products */;
			projectDirPath = "";
			projectRoot = "";
			targets = (
				206981FB28C22A0100C26BE7 /* Pilll */,
				2069821028C22A0F00C26BE7 /* PilllWidgetExtension */,
			);
		};
/* End PBXProject section */

/* Begin PBXResourcesBuildPhase section */
		206981FA28C22A0100C26BE7 /* Resources */ = {
			isa = PBXResourcesBuildPhase;
			buildActionMask = 2147483647;
			files = (
				2069820728C22A0100C26BE7 /* Preview Assets.xcassets in Resources */,
				2069820428C22A0100C26BE7 /* Assets.xcassets in Resources */,
			);
			runOnlyForDeploymentPostprocessing = 0;
		};
		2069820F28C22A0F00C26BE7 /* Resources */ = {
			isa = PBXResourcesBuildPhase;
			buildActionMask = 2147483647;
			files = (
				2069821B28C22A1000C26BE7 /* Assets.xcassets in Resources */,
			);
			runOnlyForDeploymentPostprocessing = 0;
		};
/* End PBXResourcesBuildPhase section */

/* Begin PBXSourcesBuildPhase section */
		206981F828C22A0100C26BE7 /* Sources */ = {
			isa = PBXSourcesBuildPhase;
			buildActionMask = 2147483647;
			files = (
				2069820228C22A0100C26BE7 /* ContentView.swift in Sources */,
				2069820028C22A0100C26BE7 /* PilllApp.swift in Sources */,
			);
			runOnlyForDeploymentPostprocessing = 0;
		};
		2069820D28C22A0F00C26BE7 /* Sources */ = {
			isa = PBXSourcesBuildPhase;
			buildActionMask = 2147483647;
			files = (
				2069821928C22A0F00C26BE7 /* PilllWidget.swift in Sources */,
			);
			runOnlyForDeploymentPostprocessing = 0;
		};
/* End PBXSourcesBuildPhase section */

/* Begin PBXTargetDependency section */
		2069821E28C22A1000C26BE7 /* PBXTargetDependency */ = {
			isa = PBXTargetDependency;
			target = 2069821028C22A0F00C26BE7 /* PilllWidgetExtension */;
			targetProxy = 2069821D28C22A1000C26BE7 /* PBXContainerItemProxy */;
		};
/* End PBXTargetDependency section */

/* Begin XCBuildConfiguration section */
		2069820828C22A0100C26BE7 /* Debug */ = {
			isa = XCBuildConfiguration;
			buildSettings = {
				ALWAYS_SEARCH_USER_PATHS = NO;
				CLANG_ANALYZER_NONNULL = YES;
				CLANG_ANALYZER_NUMBER_OBJECT_CONVERSION = YES_AGGRESSIVE;
				CLANG_CXX_LANGUAGE_STANDARD = "gnu++17";
				CLANG_ENABLE_MODULES = YES;
				CLANG_ENABLE_OBJC_ARC = YES;
				CLANG_ENABLE_OBJC_WEAK = YES;
				CLANG_WARN_BLOCK_CAPTURE_AUTORELEASING = YES;
				CLANG_WARN_BOOL_CONVERSION = YES;
				CLANG_WARN_COMMA = YES;
				CLANG_WARN_CONSTANT_CONVERSION = YES;
				CLANG_WARN_DEPRECATED_OBJC_IMPLEMENTATIONS = YES;
				CLANG_WARN_DIRECT_OBJC_ISA_USAGE = YES_ERROR;
				CLANG_WARN_DOCUMENTATION_COMMENTS = YES;
				CLANG_WARN_EMPTY_BODY = YES;
				CLANG_WARN_ENUM_CONVERSION = YES;
				CLANG_WARN_INFINITE_RECURSION = YES;
				CLANG_WARN_INT_CONVERSION = YES;
				CLANG_WARN_NON_LITERAL_NULL_CONVERSION = YES;
				CLANG_WARN_OBJC_IMPLICIT_RETAIN_SELF = YES;
				CLANG_WARN_OBJC_LITERAL_CONVERSION = YES;
				CLANG_WARN_OBJC_ROOT_CLASS = YES_ERROR;
				CLANG_WARN_QUOTED_INCLUDE_IN_FRAMEWORK_HEADER = YES;
				CLANG_WARN_RANGE_LOOP_ANALYSIS = YES;
				CLANG_WARN_STRICT_PROTOTYPES = YES;
				CLANG_WARN_SUSPICIOUS_MOVE = YES;
				CLANG_WARN_UNGUARDED_AVAILABILITY = YES_AGGRESSIVE;
				CLANG_WARN_UNREACHABLE_CODE = YES;
				CLANG_WARN__DUPLICATE_METHOD_MATCH = YES;
				COPY_PHASE_STRIP = NO;
				DEBUG_INFORMATION_FORMAT = dwarf;
				ENABLE_STRICT_OBJC_MSGSEND = YES;
				ENABLE_TESTABILITY = YES;
				GCC_C_LANGUAGE_STANDARD = gnu11;
				GCC_DYNAMIC_NO_PIC = NO;
				GCC_NO_COMMON_BLOCKS = YES;
				GCC_OPTIMIZATION_LEVEL = 0;
				GCC_PREPROCESSOR_DEFINITIONS = (
					"DEBUG=1",
					"$(inherited)",
				);
				GCC_WARN_64_TO_32_BIT_CONVERSION = YES;
				GCC_WARN_ABOUT_RETURN_TYPE = YES_ERROR;
				GCC_WARN_UNDECLARED_SELECTOR = YES;
				GCC_WARN_UNINITIALIZED_AUTOS = YES_AGGRESSIVE;
				GCC_WARN_UNUSED_FUNCTION = YES;
				GCC_WARN_UNUSED_VARIABLE = YES;
				IPHONEOS_DEPLOYMENT_TARGET = 15.5;
				MTL_ENABLE_DEBUG_INFO = INCLUDE_SOURCE;
				MTL_FAST_MATH = YES;
				ONLY_ACTIVE_ARCH = YES;
				SDKROOT = iphoneos;
				SWIFT_ACTIVE_COMPILATION_CONDITIONS = DEBUG;
				SWIFT_OPTIMIZATION_LEVEL = "-Onone";
			};
			name = Debug;
		};
		2069820928C22A0100C26BE7 /* Release */ = {
			isa = XCBuildConfiguration;
			buildSettings = {
				ALWAYS_SEARCH_USER_PATHS = NO;
				CLANG_ANALYZER_NONNULL = YES;
				CLANG_ANALYZER_NUMBER_OBJECT_CONVERSION = YES_AGGRESSIVE;
				CLANG_CXX_LANGUAGE_STANDARD = "gnu++17";
				CLANG_ENABLE_MODULES = YES;
				CLANG_ENABLE_OBJC_ARC = YES;
				CLANG_ENABLE_OBJC_WEAK = YES;
				CLANG_WARN_BLOCK_CAPTURE_AUTORELEASING = YES;
				CLANG_WARN_BOOL_CONVERSION = YES;
				CLANG_WARN_COMMA = YES;
				CLANG_WARN_CONSTANT_CONVERSION = YES;
				CLANG_WARN_DEPRECATED_OBJC_IMPLEMENTATIONS = YES;
				CLANG_WARN_DIRECT_OBJC_ISA_USAGE = YES_ERROR;
				CLANG_WARN_DOCUMENTATION_COMMENTS = YES;
				CLANG_WARN_EMPTY_BODY = YES;
				CLANG_WARN_ENUM_CONVERSION = YES;
				CLANG_WARN_INFINITE_RECURSION = YES;
				CLANG_WARN_INT_CONVERSION = YES;
				CLANG_WARN_NON_LITERAL_NULL_CONVERSION = YES;
				CLANG_WARN_OBJC_IMPLICIT_RETAIN_SELF = YES;
				CLANG_WARN_OBJC_LITERAL_CONVERSION = YES;
				CLANG_WARN_OBJC_ROOT_CLASS = YES_ERROR;
				CLANG_WARN_QUOTED_INCLUDE_IN_FRAMEWORK_HEADER = YES;
				CLANG_WARN_RANGE_LOOP_ANALYSIS = YES;
				CLANG_WARN_STRICT_PROTOTYPES = YES;
				CLANG_WARN_SUSPICIOUS_MOVE = YES;
				CLANG_WARN_UNGUARDED_AVAILABILITY = YES_AGGRESSIVE;
				CLANG_WARN_UNREACHABLE_CODE = YES;
				CLANG_WARN__DUPLICATE_METHOD_MATCH = YES;
				COPY_PHASE_STRIP = NO;
				DEBUG_INFORMATION_FORMAT = "dwarf-with-dsym";
				ENABLE_NS_ASSERTIONS = NO;
				ENABLE_STRICT_OBJC_MSGSEND = YES;
				GCC_C_LANGUAGE_STANDARD = gnu11;
				GCC_NO_COMMON_BLOCKS = YES;
				GCC_WARN_64_TO_32_BIT_CONVERSION = YES;
				GCC_WARN_ABOUT_RETURN_TYPE = YES_ERROR;
				GCC_WARN_UNDECLARED_SELECTOR = YES;
				GCC_WARN_UNINITIALIZED_AUTOS = YES_AGGRESSIVE;
				GCC_WARN_UNUSED_FUNCTION = YES;
				GCC_WARN_UNUSED_VARIABLE = YES;
				IPHONEOS_DEPLOYMENT_TARGET = 15.5;
				MTL_ENABLE_DEBUG_INFO = NO;
				MTL_FAST_MATH = YES;
				SDKROOT = iphoneos;
				SWIFT_COMPILATION_MODE = wholemodule;
				SWIFT_OPTIMIZATION_LEVEL = "-O";
				VALIDATE_PRODUCT = YES;
			};
			name = Release;
		};
		2069820B28C22A0100C26BE7 /* Debug */ = {
			isa = XCBuildConfiguration;
			buildSettings = {
				ALWAYS_EMBED_SWIFT_STANDARD_LIBRARIES = YES;
				ASSETCATALOG_COMPILER_APPICON_NAME = AppIcon;
				ASSETCATALOG_COMPILER_GLOBAL_ACCENT_COLOR_NAME = AccentColor;
				CODE_SIGN_STYLE = Automatic;
				CURRENT_PROJECT_VERSION = 1;
				DEVELOPMENT_ASSET_PATHS = "\"Pilll/Preview Content\"";
				DEVELOPMENT_TEAM = TQPN82UBBY;
				ENABLE_PREVIEWS = YES;
				GENERATE_INFOPLIST_FILE = YES;
				INFOPLIST_KEY_UIApplicationSceneManifest_Generation = YES;
				INFOPLIST_KEY_UIApplicationSupportsIndirectInputEvents = YES;
				INFOPLIST_KEY_UILaunchScreen_Generation = YES;
				INFOPLIST_KEY_UISupportedInterfaceOrientations_iPad = "UIInterfaceOrientationPortrait UIInterfaceOrientationPortraitUpsideDown UIInterfaceOrientationLandscapeLeft UIInterfaceOrientationLandscapeRight";
				INFOPLIST_KEY_UISupportedInterfaceOrientations_iPhone = "UIInterfaceOrientationPortrait UIInterfaceOrientationLandscapeLeft UIInterfaceOrientationLandscapeRight";
				LD_RUNPATH_SEARCH_PATHS = (
					"$(inherited)",
					"@executable_path/Frameworks",
				);
				MARKETING_VERSION = 1.0;
				PRODUCT_BUNDLE_IDENTIFIER = com.bannzai.Pilll;
				PRODUCT_NAME = "$(TARGET_NAME)";
				SWIFT_EMIT_LOC_STRINGS = YES;
				SWIFT_VERSION = 5.0;
				TARGETED_DEVICE_FAMILY = "1,2";
			};
			name = Debug;
		};
		2069820C28C22A0100C26BE7 /* Release */ = {
			isa = XCBuildConfiguration;
			buildSettings = {
				ALWAYS_EMBED_SWIFT_STANDARD_LIBRARIES = YES;
				ASSETCATALOG_COMPILER_APPICON_NAME = AppIcon;
				ASSETCATALOG_COMPILER_GLOBAL_ACCENT_COLOR_NAME = AccentColor;
				CODE_SIGN_STYLE = Automatic;
				CURRENT_PROJECT_VERSION = 1;
				DEVELOPMENT_ASSET_PATHS = "\"Pilll/Preview Content\"";
				DEVELOPMENT_TEAM = TQPN82UBBY;
				ENABLE_PREVIEWS = YES;
				GENERATE_INFOPLIST_FILE = YES;
				INFOPLIST_KEY_UIApplicationSceneManifest_Generation = YES;
				INFOPLIST_KEY_UIApplicationSupportsIndirectInputEvents = YES;
				INFOPLIST_KEY_UILaunchScreen_Generation = YES;
				INFOPLIST_KEY_UISupportedInterfaceOrientations_iPad = "UIInterfaceOrientationPortrait UIInterfaceOrientationPortraitUpsideDown UIInterfaceOrientationLandscapeLeft UIInterfaceOrientationLandscapeRight";
				INFOPLIST_KEY_UISupportedInterfaceOrientations_iPhone = "UIInterfaceOrientationPortrait UIInterfaceOrientationLandscapeLeft UIInterfaceOrientationLandscapeRight";
				LD_RUNPATH_SEARCH_PATHS = (
					"$(inherited)",
					"@executable_path/Frameworks",
				);
				MARKETING_VERSION = 1.0;
				PRODUCT_BUNDLE_IDENTIFIER = com.bannzai.Pilll;
				PRODUCT_NAME = "$(TARGET_NAME)";
				SWIFT_EMIT_LOC_STRINGS = YES;
				SWIFT_VERSION = 5.0;
				TARGETED_DEVICE_FAMILY = "1,2";
			};
			name = Release;
		};
		2069822128C22A1000C26BE7 /* Debug */ = {
			isa = XCBuildConfiguration;
			buildSettings = {
				ASSETCATALOG_COMPILER_GLOBAL_ACCENT_COLOR_NAME = AccentColor;
				ASSETCATALOG_COMPILER_WIDGET_BACKGROUND_COLOR_NAME = WidgetBackground;
				CODE_SIGN_STYLE = Automatic;
				CURRENT_PROJECT_VERSION = 1;
				DEVELOPMENT_TEAM = TQPN82UBBY;
				GENERATE_INFOPLIST_FILE = YES;
				INFOPLIST_FILE = PilllWidget/Info.plist;
				INFOPLIST_KEY_CFBundleDisplayName = PilllWidget;
				INFOPLIST_KEY_NSHumanReadableCopyright = "";
				LD_RUNPATH_SEARCH_PATHS = (
					"$(inherited)",
					"@executable_path/Frameworks",
					"@executable_path/../../Frameworks",
				);
				MARKETING_VERSION = 1.0;
				PRODUCT_BUNDLE_IDENTIFIER = com.bannzai.Pilll.PilllWidget;
				PRODUCT_NAME = "$(TARGET_NAME)";
				SKIP_INSTALL = YES;
				SWIFT_EMIT_LOC_STRINGS = YES;
				SWIFT_VERSION = 5.0;
				TARGETED_DEVICE_FAMILY = "1,2";
			};
			name = Debug;
		};
		2069822228C22A1000C26BE7 /* Release */ = {
			isa = XCBuildConfiguration;
			buildSettings = {
				ASSETCATALOG_COMPILER_GLOBAL_ACCENT_COLOR_NAME = AccentColor;
				ASSETCATALOG_COMPILER_WIDGET_BACKGROUND_COLOR_NAME = WidgetBackground;
				CODE_SIGN_STYLE = Automatic;
				CURRENT_PROJECT_VERSION = 1;
				DEVELOPMENT_TEAM = TQPN82UBBY;
				GENERATE_INFOPLIST_FILE = YES;
				INFOPLIST_FILE = PilllWidget/Info.plist;
				INFOPLIST_KEY_CFBundleDisplayName = PilllWidget;
				INFOPLIST_KEY_NSHumanReadableCopyright = "";
				LD_RUNPATH_SEARCH_PATHS = (
					"$(inherited)",
					"@executable_path/Frameworks",
					"@executable_path/../../Frameworks",
				);
				MARKETING_VERSION = 1.0;
				PRODUCT_BUNDLE_IDENTIFIER = com.bannzai.Pilll.PilllWidget;
				PRODUCT_NAME = "$(TARGET_NAME)";
				SKIP_INSTALL = YES;
				SWIFT_EMIT_LOC_STRINGS = YES;
				SWIFT_VERSION = 5.0;
				TARGETED_DEVICE_FAMILY = "1,2";
			};
			name = Release;
		};
/* End XCBuildConfiguration section */

/* Begin XCConfigurationList section */
		206981F728C22A0100C26BE7 /* Build configuration list for PBXProject "Pilll" */ = {
			isa = XCConfigurationList;
			buildConfigurations = (
				2069820828C22A0100C26BE7 /* Debug */,
				2069820928C22A0100C26BE7 /* Release */,
			);
			defaultConfigurationIsVisible = 0;
			defaultConfigurationName = Release;
		};
		2069820A28C22A0100C26BE7 /* Build configuration list for PBXNativeTarget "Pilll" */ = {
			isa = XCConfigurationList;
			buildConfigurations = (
				2069820B28C22A0100C26BE7 /* Debug */,
				2069820C28C22A0100C26BE7 /* Release */,
			);
			defaultConfigurationIsVisible = 0;
			defaultConfigurationName = Release;
		};
		2069822028C22A1000C26BE7 /* Build configuration list for PBXNativeTarget "PilllWidgetExtension" */ = {
			isa = XCConfigurationList;
			buildConfigurations = (
				2069822128C22A1000C26BE7 /* Debug */,
				2069822228C22A1000C26BE7 /* Release */,
			);
			defaultConfigurationIsVisible = 0;
			defaultConfigurationName = Release;
		};
/* End XCConfigurationList section */
	};
	rootObject = 206981F428C22A0100C26BE7 /* Project object */;
}
